// !$*UTF8*$!
{
	archiveVersion = 1;
	classes = {
	};
	objectVersion = 50;
	objects = {

/* Begin PBXBuildFile section */
		AC01F407228267060080B849 /* RightTVCategoryCell.swift in Sources */ = {isa = PBXBuildFile; fileRef = AC01F406228267060080B849 /* RightTVCategoryCell.swift */; };
		AC30A13922445F6000AB2FB0 /* Book.swift in Sources */ = {isa = PBXBuildFile; fileRef = AC30A13822445F6000AB2FB0 /* Book.swift */; };
		AC47CCA521AE4093003572E3 /* RightTableView.swift in Sources */ = {isa = PBXBuildFile; fileRef = AC47CCA421AE4093003572E3 /* RightTableView.swift */; };
		AC5F6B5E21C8D58700DC268A /* RightTVMediaCell.swift in Sources */ = {isa = PBXBuildFile; fileRef = AC5F6B5D21C8D58700DC268A /* RightTVMediaCell.swift */; };
		AC60DA5621CAF75300A46711 /* RecommendationCVCell.xib in Resources */ = {isa = PBXBuildFile; fileRef = AC60DA5421CAF75300A46711 /* RecommendationCVCell.xib */; };
		AC67529F22F8B2B400703F57 /* Expansion.swift in Sources */ = {isa = PBXBuildFile; fileRef = AC67529E22F8B2B400703F57 /* Expansion.swift */; };
		AC70EC57227BBF30001992E4 /* AuthenticationViewController.swift in Sources */ = {isa = PBXBuildFile; fileRef = AC70EC56227BBF30001992E4 /* AuthenticationViewController.swift */; };
		AC72FBDB21CA0AB900DCF44E /* TitleCell.swift in Sources */ = {isa = PBXBuildFile; fileRef = AC72FBDA21CA0AB900DCF44E /* TitleCell.swift */; };
		AC72FBDE21CA1AF800DCF44E /* LeftTableView.swift in Sources */ = {isa = PBXBuildFile; fileRef = AC72FBDD21CA1AF800DCF44E /* LeftTableView.swift */; };
		AC7B4904226BD97200F7B5C9 /* AddRatingModal.swift in Sources */ = {isa = PBXBuildFile; fileRef = AC7B4903226BD97200F7B5C9 /* AddRatingModal.swift */; };
		AC7B4906226BF08500F7B5C9 /* AddRatingTVCell.swift in Sources */ = {isa = PBXBuildFile; fileRef = AC7B4905226BF08500F7B5C9 /* AddRatingTVCell.swift */; };
		AC88CFC22268BA5A00F2118A /* Media.swift in Sources */ = {isa = PBXBuildFile; fileRef = AC88CFC12268BA5A00F2118A /* Media.swift */; };
		AC8A303321D58C0400CDE43F /* CategoriesTableView.swift in Sources */ = {isa = PBXBuildFile; fileRef = AC8A303221D58C0400CDE43F /* CategoriesTableView.swift */; };
		AC8A303521D58DFE00CDE43F /* CategoryCell.swift in Sources */ = {isa = PBXBuildFile; fileRef = AC8A303421D58DFE00CDE43F /* CategoryCell.swift */; };
		AC8CC20B2218A786005A2572 /* Content.swift in Sources */ = {isa = PBXBuildFile; fileRef = AC8CC20A2218A786005A2572 /* Content.swift */; };
		AC92D81922F798CB007EEA41 /* Assets.xcassets in Resources */ = {isa = PBXBuildFile; fileRef = AC92D81822F798CB007EEA41 /* Assets.xcassets */; };
		AC970D5722CAE29200256FD8 /* UserController.swift in Sources */ = {isa = PBXBuildFile; fileRef = AC970D5622CAE29200256FD8 /* UserController.swift */; };
		AC9764D221E8077700FEF318 /* ImportController.swift in Sources */ = {isa = PBXBuildFile; fileRef = AC9764D121E8077700FEF318 /* ImportController.swift */; };
		ACC0A57022CAE449000410A4 /* Constants.swift in Sources */ = {isa = PBXBuildFile; fileRef = ACC0A56F22CAE449000410A4 /* Constants.swift */; };
		ACCB9674227D58FB0027E834 /* LeftTVMediaCell.swift in Sources */ = {isa = PBXBuildFile; fileRef = ACCB9673227D58FB0027E834 /* LeftTVMediaCell.swift */; };
		ACCB9676227E89EA0027E834 /* LogoutViewController.swift in Sources */ = {isa = PBXBuildFile; fileRef = ACCB9675227E89EA0027E834 /* LogoutViewController.swift */; };
		ACCB9679227E9D1E0027E834 /* MediaDetailPopover.swift in Sources */ = {isa = PBXBuildFile; fileRef = ACCB9678227E9D1E0027E834 /* MediaDetailPopover.swift */; };
		ACD511A6226BB1B8006D9FFA /* ObjectController.swift in Sources */ = {isa = PBXBuildFile; fileRef = ACD511A5226BB1B8006D9FFA /* ObjectController.swift */; };
		ACF36C1120FEB77C0088BFE8 /* AppDelegate.swift in Sources */ = {isa = PBXBuildFile; fileRef = ACF36C1020FEB77C0088BFE8 /* AppDelegate.swift */; };
		ACF36C1320FEB77C0088BFE8 /* ViewController.swift in Sources */ = {isa = PBXBuildFile; fileRef = ACF36C1220FEB77C0088BFE8 /* ViewController.swift */; };
		ACF36C1820FEB77D0088BFE8 /* Main.storyboard in Resources */ = {isa = PBXBuildFile; fileRef = ACF36C1620FEB77D0088BFE8 /* Main.storyboard */; };
		ACF36C2420FEB77D0088BFE8 /* MovieRecommendationTests.swift in Sources */ = {isa = PBXBuildFile; fileRef = ACF36C2320FEB77D0088BFE8 /* MovieRecommendationTests.swift */; };
		ACF36C2F20FEB77D0088BFE8 /* MovieRecommendationUITests.swift in Sources */ = {isa = PBXBuildFile; fileRef = ACF36C2E20FEB77D0088BFE8 /* MovieRecommendationUITests.swift */; };
		ACF36C4220FEB7B80088BFE8 /* Movie.swift in Sources */ = {isa = PBXBuildFile; fileRef = ACF36C3E20FEB7B80088BFE8 /* Movie.swift */; };
		ACF36C4420FEB7B80088BFE8 /* User.swift in Sources */ = {isa = PBXBuildFile; fileRef = ACF36C4020FEB7B80088BFE8 /* User.swift */; };
		AD2BF1F7071AA4CBB55ADE60 /* Pods_MovieRecommendation.framework in Frameworks */ = {isa = PBXBuildFile; fileRef = 277332A4124A23143CB09579 /* Pods_MovieRecommendation.framework */; };
/* End PBXBuildFile section */

/* Begin PBXContainerItemProxy section */
		ACF36C2020FEB77D0088BFE8 /* PBXContainerItemProxy */ = {
			isa = PBXContainerItemProxy;
			containerPortal = ACF36C0520FEB77C0088BFE8 /* Project object */;
			proxyType = 1;
			remoteGlobalIDString = ACF36C0C20FEB77C0088BFE8;
			remoteInfo = MovieRecommendation;
		};
		ACF36C2B20FEB77D0088BFE8 /* PBXContainerItemProxy */ = {
			isa = PBXContainerItemProxy;
			containerPortal = ACF36C0520FEB77C0088BFE8 /* Project object */;
			proxyType = 1;
			remoteGlobalIDString = ACF36C0C20FEB77C0088BFE8;
			remoteInfo = MovieRecommendation;
		};
/* End PBXContainerItemProxy section */

/* Begin PBXFileReference section */
		01358FF8C7C1AC3F124E4B8E /* Pods_MovieRecommendationUITests.framework */ = {isa = PBXFileReference; explicitFileType = wrapper.framework; includeInIndex = 0; path = Pods_MovieRecommendationUITests.framework; sourceTree = BUILT_PRODUCTS_DIR; };
		277332A4124A23143CB09579 /* Pods_MovieRecommendation.framework */ = {isa = PBXFileReference; explicitFileType = wrapper.framework; includeInIndex = 0; path = Pods_MovieRecommendation.framework; sourceTree = BUILT_PRODUCTS_DIR; };
		6CA7C1B92FD6AB01A8F17DFB /* Pods-MovieRecommendation.release.xcconfig */ = {isa = PBXFileReference; includeInIndex = 1; lastKnownFileType = text.xcconfig; name = "Pods-MovieRecommendation.release.xcconfig"; path = "Pods/Target Support Files/Pods-MovieRecommendation/Pods-MovieRecommendation.release.xcconfig"; sourceTree = "<group>"; };
		AC01F406228267060080B849 /* RightTVCategoryCell.swift */ = {isa = PBXFileReference; lastKnownFileType = sourcecode.swift; path = RightTVCategoryCell.swift; sourceTree = "<group>"; };
		AC30A13822445F6000AB2FB0 /* Book.swift */ = {isa = PBXFileReference; lastKnownFileType = sourcecode.swift; path = Book.swift; sourceTree = "<group>"; };
		AC47CCA421AE4093003572E3 /* RightTableView.swift */ = {isa = PBXFileReference; lastKnownFileType = sourcecode.swift; path = RightTableView.swift; sourceTree = "<group>"; };
		AC5F6B5D21C8D58700DC268A /* RightTVMediaCell.swift */ = {isa = PBXFileReference; lastKnownFileType = sourcecode.swift; path = RightTVMediaCell.swift; sourceTree = "<group>"; };
		AC60DA5421CAF75300A46711 /* RecommendationCVCell.xib */ = {isa = PBXFileReference; lastKnownFileType = file.xib; path = RecommendationCVCell.xib; sourceTree = "<group>"; };
		AC67529E22F8B2B400703F57 /* Expansion.swift */ = {isa = PBXFileReference; fileEncoding = 4; lastKnownFileType = sourcecode.swift; name = Expansion.swift; path = MovieRecommendation/Expansion.swift; sourceTree = SOURCE_ROOT; };
		AC70EC56227BBF30001992E4 /* AuthenticationViewController.swift */ = {isa = PBXFileReference; lastKnownFileType = sourcecode.swift; path = AuthenticationViewController.swift; sourceTree = "<group>"; };
		AC72FBDA21CA0AB900DCF44E /* TitleCell.swift */ = {isa = PBXFileReference; lastKnownFileType = sourcecode.swift; path = TitleCell.swift; sourceTree = "<group>"; };
		AC72FBDD21CA1AF800DCF44E /* LeftTableView.swift */ = {isa = PBXFileReference; lastKnownFileType = sourcecode.swift; path = LeftTableView.swift; sourceTree = "<group>"; };
		AC7B4903226BD97200F7B5C9 /* AddRatingModal.swift */ = {isa = PBXFileReference; lastKnownFileType = sourcecode.swift; path = AddRatingModal.swift; sourceTree = "<group>"; };
		AC7B4905226BF08500F7B5C9 /* AddRatingTVCell.swift */ = {isa = PBXFileReference; lastKnownFileType = sourcecode.swift; path = AddRatingTVCell.swift; sourceTree = "<group>"; };
		AC88CFC12268BA5A00F2118A /* Media.swift */ = {isa = PBXFileReference; lastKnownFileType = sourcecode.swift; path = Media.swift; sourceTree = "<group>"; };
		AC8A303221D58C0400CDE43F /* CategoriesTableView.swift */ = {isa = PBXFileReference; lastKnownFileType = sourcecode.swift; path = CategoriesTableView.swift; sourceTree = "<group>"; };
		AC8A303421D58DFE00CDE43F /* CategoryCell.swift */ = {isa = PBXFileReference; lastKnownFileType = sourcecode.swift; path = CategoryCell.swift; sourceTree = "<group>"; };
		AC8CC20A2218A786005A2572 /* Content.swift */ = {isa = PBXFileReference; lastKnownFileType = sourcecode.swift; path = Content.swift; sourceTree = "<group>"; };
		AC92D81822F798CB007EEA41 /* Assets.xcassets */ = {isa = PBXFileReference; lastKnownFileType = folder.assetcatalog; path = Assets.xcassets; sourceTree = "<group>"; };
		AC970D5622CAE29200256FD8 /* UserController.swift */ = {isa = PBXFileReference; lastKnownFileType = sourcecode.swift; path = UserController.swift; sourceTree = "<group>"; };
		AC9764D121E8077700FEF318 /* ImportController.swift */ = {isa = PBXFileReference; lastKnownFileType = sourcecode.swift; path = ImportController.swift; sourceTree = "<group>"; };
		ACC0A56F22CAE449000410A4 /* Constants.swift */ = {isa = PBXFileReference; lastKnownFileType = sourcecode.swift; path = Constants.swift; sourceTree = "<group>"; };
		ACCB9673227D58FB0027E834 /* LeftTVMediaCell.swift */ = {isa = PBXFileReference; lastKnownFileType = sourcecode.swift; path = LeftTVMediaCell.swift; sourceTree = "<group>"; };
		ACCB9675227E89EA0027E834 /* LogoutViewController.swift */ = {isa = PBXFileReference; lastKnownFileType = sourcecode.swift; path = LogoutViewController.swift; sourceTree = "<group>"; };
		ACCB9678227E9D1E0027E834 /* MediaDetailPopover.swift */ = {isa = PBXFileReference; lastKnownFileType = sourcecode.swift; path = MediaDetailPopover.swift; sourceTree = "<group>"; };
		ACD511A5226BB1B8006D9FFA /* ObjectController.swift */ = {isa = PBXFileReference; lastKnownFileType = sourcecode.swift; path = ObjectController.swift; sourceTree = "<group>"; };
		ACF36C0D20FEB77C0088BFE8 /* MovieRecommendation.app */ = {isa = PBXFileReference; explicitFileType = wrapper.application; includeInIndex = 0; path = MovieRecommendation.app; sourceTree = BUILT_PRODUCTS_DIR; };
		ACF36C1020FEB77C0088BFE8 /* AppDelegate.swift */ = {isa = PBXFileReference; lastKnownFileType = sourcecode.swift; path = AppDelegate.swift; sourceTree = "<group>"; };
		ACF36C1220FEB77C0088BFE8 /* ViewController.swift */ = {isa = PBXFileReference; lastKnownFileType = sourcecode.swift; path = ViewController.swift; sourceTree = "<group>"; };
		ACF36C1720FEB77D0088BFE8 /* Base */ = {isa = PBXFileReference; lastKnownFileType = file.storyboard; name = Base; path = Base.lproj/Main.storyboard; sourceTree = "<group>"; };
		ACF36C1920FEB77D0088BFE8 /* Info.plist */ = {isa = PBXFileReference; lastKnownFileType = text.plist.xml; path = Info.plist; sourceTree = "<group>"; };
		ACF36C1A20FEB77D0088BFE8 /* MovieRecommendation.entitlements */ = {isa = PBXFileReference; lastKnownFileType = text.plist.entitlements; path = MovieRecommendation.entitlements; sourceTree = "<group>"; };
		ACF36C1F20FEB77D0088BFE8 /* MovieRecommendationTests.xctest */ = {isa = PBXFileReference; explicitFileType = wrapper.cfbundle; includeInIndex = 0; path = MovieRecommendationTests.xctest; sourceTree = BUILT_PRODUCTS_DIR; };
		ACF36C2320FEB77D0088BFE8 /* MovieRecommendationTests.swift */ = {isa = PBXFileReference; lastKnownFileType = sourcecode.swift; path = MovieRecommendationTests.swift; sourceTree = "<group>"; };
		ACF36C2520FEB77D0088BFE8 /* Info.plist */ = {isa = PBXFileReference; lastKnownFileType = text.plist.xml; path = Info.plist; sourceTree = "<group>"; };
		ACF36C2A20FEB77D0088BFE8 /* MovieRecommendationUITests.xctest */ = {isa = PBXFileReference; explicitFileType = wrapper.cfbundle; includeInIndex = 0; path = MovieRecommendationUITests.xctest; sourceTree = BUILT_PRODUCTS_DIR; };
		ACF36C2E20FEB77D0088BFE8 /* MovieRecommendationUITests.swift */ = {isa = PBXFileReference; lastKnownFileType = sourcecode.swift; path = MovieRecommendationUITests.swift; sourceTree = "<group>"; };
		ACF36C3020FEB77D0088BFE8 /* Info.plist */ = {isa = PBXFileReference; lastKnownFileType = text.plist.xml; path = Info.plist; sourceTree = "<group>"; };
		ACF36C3E20FEB7B80088BFE8 /* Movie.swift */ = {isa = PBXFileReference; fileEncoding = 4; lastKnownFileType = sourcecode.swift; path = Movie.swift; sourceTree = "<group>"; };
		ACF36C4020FEB7B80088BFE8 /* User.swift */ = {isa = PBXFileReference; fileEncoding = 4; lastKnownFileType = sourcecode.swift; path = User.swift; sourceTree = "<group>"; };
		EDD3C4CE38DD63B16D96E4E3 /* Pods_MovieRecommendationTests.framework */ = {isa = PBXFileReference; explicitFileType = wrapper.framework; includeInIndex = 0; path = Pods_MovieRecommendationTests.framework; sourceTree = BUILT_PRODUCTS_DIR; };
		F61ED24FA8862D550F83CDDE /* Pods-MovieRecommendation.debug.xcconfig */ = {isa = PBXFileReference; includeInIndex = 1; lastKnownFileType = text.xcconfig; name = "Pods-MovieRecommendation.debug.xcconfig"; path = "Pods/Target Support Files/Pods-MovieRecommendation/Pods-MovieRecommendation.debug.xcconfig"; sourceTree = "<group>"; };
/* End PBXFileReference section */

/* Begin PBXFrameworksBuildPhase section */
		ACF36C0A20FEB77C0088BFE8 /* Frameworks */ = {
			isa = PBXFrameworksBuildPhase;
			buildActionMask = 2147483647;
			files = (
				AD2BF1F7071AA4CBB55ADE60 /* Pods_MovieRecommendation.framework in Frameworks */,
			);
			runOnlyForDeploymentPostprocessing = 0;
		};
		ACF36C1C20FEB77D0088BFE8 /* Frameworks */ = {
			isa = PBXFrameworksBuildPhase;
			buildActionMask = 2147483647;
			files = (
			);
			runOnlyForDeploymentPostprocessing = 0;
		};
		ACF36C2720FEB77D0088BFE8 /* Frameworks */ = {
			isa = PBXFrameworksBuildPhase;
			buildActionMask = 2147483647;
			files = (
			);
			runOnlyForDeploymentPostprocessing = 0;
		};
/* End PBXFrameworksBuildPhase section */

/* Begin PBXGroup section */
		08D6C2DCFCF988F2535EAD27 /* Pods */ = {
			isa = PBXGroup;
			children = (
				F61ED24FA8862D550F83CDDE /* Pods-MovieRecommendation.debug.xcconfig */,
				6CA7C1B92FD6AB01A8F17DFB /* Pods-MovieRecommendation.release.xcconfig */,
			);
			name = Pods;
			sourceTree = "<group>";
		};
		AC29A775220B6F4C009C055F /* Recovered References */ = {
			isa = PBXGroup;
			children = (
			);
			name = "Recovered References";
			sourceTree = "<group>";
		};
		AC324E6A21F1354400270BD1 /* View */ = {
			isa = PBXGroup;
			children = (
				AC8CC20A2218A786005A2572 /* Content.swift */,
				ACF36C1220FEB77C0088BFE8 /* ViewController.swift */,
				ACCB9677227E89F50027E834 /* User */,
				AC70EC51227BA538001992E4 /* Add Rating */,
				AC67529E22F8B2B400703F57 /* Expansion.swift */,
				AC8A303621D58E0700CDE43F /* Category TableView */,
				AC60DA5721CD577100A46711 /* Left TableView */,
				AC72FBDC21CA0AC600DCF44E /* Right TableView */,
			);
			path = View;
			sourceTree = "<group>";
		};
		AC60DA5721CD577100A46711 /* Left TableView */ = {
			isa = PBXGroup;
			children = (
				AC72FBDD21CA1AF800DCF44E /* LeftTableView.swift */,
				ACCB9673227D58FB0027E834 /* LeftTVMediaCell.swift */,
				ACCB9678227E9D1E0027E834 /* MediaDetailPopover.swift */,
			);
			path = "Left TableView";
			sourceTree = "<group>";
		};
		AC70EC51227BA538001992E4 /* Add Rating */ = {
			isa = PBXGroup;
			children = (
				AC7B4903226BD97200F7B5C9 /* AddRatingModal.swift */,
				AC7B4905226BF08500F7B5C9 /* AddRatingTVCell.swift */,
			);
			path = "Add Rating";
			sourceTree = "<group>";
		};
		AC72FBDC21CA0AC600DCF44E /* Right TableView */ = {
			isa = PBXGroup;
			children = (
				AC47CCA421AE4093003572E3 /* RightTableView.swift */,
				AC5F6B5D21C8D58700DC268A /* RightTVMediaCell.swift */,
				AC01F406228267060080B849 /* RightTVCategoryCell.swift */,
				AC72FBDA21CA0AB900DCF44E /* TitleCell.swift */,
			);
			path = "Right TableView";
			sourceTree = "<group>";
		};
		AC7B4907226CBBC900F7B5C9 /* Parsing */ = {
			isa = PBXGroup;
			children = (
				AC9764D121E8077700FEF318 /* ImportController.swift */,
				ACD511A5226BB1B8006D9FFA /* ObjectController.swift */,
				AC970D5622CAE29200256FD8 /* UserController.swift */,
			);
			path = Parsing;
			sourceTree = "<group>";
		};
		AC8A303621D58E0700CDE43F /* Category TableView */ = {
			isa = PBXGroup;
			children = (
				AC8A303221D58C0400CDE43F /* CategoriesTableView.swift */,
				AC8A303421D58DFE00CDE43F /* CategoryCell.swift */,
			);
			path = "Category TableView";
			sourceTree = "<group>";
		};
		ACCB9677227E89F50027E834 /* User */ = {
			isa = PBXGroup;
			children = (
				AC70EC56227BBF30001992E4 /* AuthenticationViewController.swift */,
				ACCB9675227E89EA0027E834 /* LogoutViewController.swift */,
			);
			path = User;
			sourceTree = "<group>";
		};
		ACF36C0420FEB77C0088BFE8 = {
			isa = PBXGroup;
			children = (
				ACF36C0F20FEB77C0088BFE8 /* MovieRecommendation */,
				ACF36C2220FEB77D0088BFE8 /* MovieRecommendationTests */,
				ACF36C2D20FEB77D0088BFE8 /* MovieRecommendationUITests */,
				ACF36C0E20FEB77C0088BFE8 /* Products */,
				ACF36CBF20FEC17A0088BFE8 /* Frameworks */,
				AC29A775220B6F4C009C055F /* Recovered References */,
				08D6C2DCFCF988F2535EAD27 /* Pods */,
			);
			sourceTree = "<group>";
		};
		ACF36C0E20FEB77C0088BFE8 /* Products */ = {
			isa = PBXGroup;
			children = (
				ACF36C0D20FEB77C0088BFE8 /* MovieRecommendation.app */,
				ACF36C1F20FEB77D0088BFE8 /* MovieRecommendationTests.xctest */,
				ACF36C2A20FEB77D0088BFE8 /* MovieRecommendationUITests.xctest */,
			);
			name = Products;
			sourceTree = "<group>";
		};
		ACF36C0F20FEB77C0088BFE8 /* MovieRecommendation */ = {
			isa = PBXGroup;
			children = (
				ACF36C1020FEB77C0088BFE8 /* AppDelegate.swift */,
				ACC0A56F22CAE449000410A4 /* Constants.swift */,
				AC324E6A21F1354400270BD1 /* View */,
				AC7B4907226CBBC900F7B5C9 /* Parsing */,
				ACF36C3C20FEB7B80088BFE8 /* Models */,
				AC92D81822F798CB007EEA41 /* Assets.xcassets */,
				ACF36C1620FEB77D0088BFE8 /* Main.storyboard */,
				AC60DA5421CAF75300A46711 /* RecommendationCVCell.xib */,
				ACF36C1920FEB77D0088BFE8 /* Info.plist */,
				ACF36C1A20FEB77D0088BFE8 /* MovieRecommendation.entitlements */,
			);
			path = MovieRecommendation;
			sourceTree = "<group>";
		};
		ACF36C2220FEB77D0088BFE8 /* MovieRecommendationTests */ = {
			isa = PBXGroup;
			children = (
				ACF36C2320FEB77D0088BFE8 /* MovieRecommendationTests.swift */,
				ACF36C2520FEB77D0088BFE8 /* Info.plist */,
			);
			path = MovieRecommendationTests;
			sourceTree = "<group>";
		};
		ACF36C2D20FEB77D0088BFE8 /* MovieRecommendationUITests */ = {
			isa = PBXGroup;
			children = (
				ACF36C2E20FEB77D0088BFE8 /* MovieRecommendationUITests.swift */,
				ACF36C3020FEB77D0088BFE8 /* Info.plist */,
			);
			path = MovieRecommendationUITests;
			sourceTree = "<group>";
		};
		ACF36C3C20FEB7B80088BFE8 /* Models */ = {
			isa = PBXGroup;
			children = (
				ACF36C3E20FEB7B80088BFE8 /* Movie.swift */,
				AC30A13822445F6000AB2FB0 /* Book.swift */,
				AC88CFC12268BA5A00F2118A /* Media.swift */,
				ACF36C4020FEB7B80088BFE8 /* User.swift */,
			);
			path = Models;
			sourceTree = "<group>";
		};
		ACF36CBF20FEC17A0088BFE8 /* Frameworks */ = {
			isa = PBXGroup;
			children = (
				277332A4124A23143CB09579 /* Pods_MovieRecommendation.framework */,
				EDD3C4CE38DD63B16D96E4E3 /* Pods_MovieRecommendationTests.framework */,
				01358FF8C7C1AC3F124E4B8E /* Pods_MovieRecommendationUITests.framework */,
			);
			name = Frameworks;
			sourceTree = "<group>";
		};
/* End PBXGroup section */

/* Begin PBXNativeTarget section */
		ACF36C0C20FEB77C0088BFE8 /* MovieRecommendation */ = {
			isa = PBXNativeTarget;
			buildConfigurationList = ACF36C3320FEB77D0088BFE8 /* Build configuration list for PBXNativeTarget "MovieRecommendation" */;
			buildPhases = (
				D9844000AD8E7855A2027487 /* [CP] Check Pods Manifest.lock */,
				ACF36C0920FEB77C0088BFE8 /* Sources */,
				ACF36C0A20FEB77C0088BFE8 /* Frameworks */,
				ACF36C0B20FEB77C0088BFE8 /* Resources */,
				D15A4DE400F32740F4CC43B2 /* [CP] Embed Pods Frameworks */,
			);
			buildRules = (
			);
			dependencies = (
			);
			name = MovieRecommendation;
			productName = MovieRecommendation;
			productReference = ACF36C0D20FEB77C0088BFE8 /* MovieRecommendation.app */;
			productType = "com.apple.product-type.application";
		};
		ACF36C1E20FEB77D0088BFE8 /* MovieRecommendationTests */ = {
			isa = PBXNativeTarget;
			buildConfigurationList = ACF36C3620FEB77D0088BFE8 /* Build configuration list for PBXNativeTarget "MovieRecommendationTests" */;
			buildPhases = (
				ACF36C1B20FEB77D0088BFE8 /* Sources */,
				ACF36C1C20FEB77D0088BFE8 /* Frameworks */,
				ACF36C1D20FEB77D0088BFE8 /* Resources */,
			);
			buildRules = (
			);
			dependencies = (
				ACF36C2120FEB77D0088BFE8 /* PBXTargetDependency */,
			);
			name = MovieRecommendationTests;
			productName = MovieRecommendationTests;
			productReference = ACF36C1F20FEB77D0088BFE8 /* MovieRecommendationTests.xctest */;
			productType = "com.apple.product-type.bundle.unit-test";
		};
		ACF36C2920FEB77D0088BFE8 /* MovieRecommendationUITests */ = {
			isa = PBXNativeTarget;
			buildConfigurationList = ACF36C3920FEB77D0088BFE8 /* Build configuration list for PBXNativeTarget "MovieRecommendationUITests" */;
			buildPhases = (
				ACF36C2620FEB77D0088BFE8 /* Sources */,
				ACF36C2720FEB77D0088BFE8 /* Frameworks */,
				ACF36C2820FEB77D0088BFE8 /* Resources */,
			);
			buildRules = (
			);
			dependencies = (
				ACF36C2C20FEB77D0088BFE8 /* PBXTargetDependency */,
			);
			name = MovieRecommendationUITests;
			productName = MovieRecommendationUITests;
			productReference = ACF36C2A20FEB77D0088BFE8 /* MovieRecommendationUITests.xctest */;
			productType = "com.apple.product-type.bundle.ui-testing";
		};
/* End PBXNativeTarget section */

/* Begin PBXProject section */
		ACF36C0520FEB77C0088BFE8 /* Project object */ = {
			isa = PBXProject;
			attributes = {
				LastSwiftUpdateCheck = 1000;
				LastUpgradeCheck = 1000;
				ORGANIZATIONNAME = SORN;
				TargetAttributes = {
					ACF36C0C20FEB77C0088BFE8 = {
						CreatedOnToolsVersion = 10.0;
						SystemCapabilities = {
							com.apple.Sandbox = {
								enabled = 1;
							};
						};
					};
					ACF36C1E20FEB77D0088BFE8 = {
						CreatedOnToolsVersion = 10.0;
						TestTargetID = ACF36C0C20FEB77C0088BFE8;
					};
					ACF36C2920FEB77D0088BFE8 = {
						CreatedOnToolsVersion = 10.0;
						TestTargetID = ACF36C0C20FEB77C0088BFE8;
					};
				};
			};
			buildConfigurationList = ACF36C0820FEB77C0088BFE8 /* Build configuration list for PBXProject "MovieRecommendation" */;
			compatibilityVersion = "Xcode 9.3";
			developmentRegion = en;
			hasScannedForEncodings = 0;
			knownRegions = (
				en,
				Base,
			);
			mainGroup = ACF36C0420FEB77C0088BFE8;
			productRefGroup = ACF36C0E20FEB77C0088BFE8 /* Products */;
			projectDirPath = "";
			projectRoot = "";
			targets = (
				ACF36C0C20FEB77C0088BFE8 /* MovieRecommendation */,
				ACF36C1E20FEB77D0088BFE8 /* MovieRecommendationTests */,
				ACF36C2920FEB77D0088BFE8 /* MovieRecommendationUITests */,
			);
		};
/* End PBXProject section */

/* Begin PBXResourcesBuildPhase section */
		ACF36C0B20FEB77C0088BFE8 /* Resources */ = {
			isa = PBXResourcesBuildPhase;
			buildActionMask = 2147483647;
			files = (
				AC60DA5621CAF75300A46711 /* RecommendationCVCell.xib in Resources */,
				ACF36C1820FEB77D0088BFE8 /* Main.storyboard in Resources */,
				AC92D81922F798CB007EEA41 /* Assets.xcassets in Resources */,
			);
			runOnlyForDeploymentPostprocessing = 0;
		};
		ACF36C1D20FEB77D0088BFE8 /* Resources */ = {
			isa = PBXResourcesBuildPhase;
			buildActionMask = 2147483647;
			files = (
			);
			runOnlyForDeploymentPostprocessing = 0;
		};
		ACF36C2820FEB77D0088BFE8 /* Resources */ = {
			isa = PBXResourcesBuildPhase;
			buildActionMask = 2147483647;
			files = (
			);
			runOnlyForDeploymentPostprocessing = 0;
		};
/* End PBXResourcesBuildPhase section */

/* Begin PBXShellScriptBuildPhase section */
		D15A4DE400F32740F4CC43B2 /* [CP] Embed Pods Frameworks */ = {
			isa = PBXShellScriptBuildPhase;
			buildActionMask = 2147483647;
			files = (
			);
			inputFileListPaths = (
			);
			inputPaths = (
				"${SRCROOT}/Pods/Target Support Files/Pods-MovieRecommendation/Pods-MovieRecommendation-frameworks.sh",
				"${BUILT_PRODUCTS_DIR}/Alamofire/Alamofire.framework",
			);
			name = "[CP] Embed Pods Frameworks";
			outputFileListPaths = (
			);
			outputPaths = (
				"${TARGET_BUILD_DIR}/${FRAMEWORKS_FOLDER_PATH}/Alamofire.framework",
			);
			runOnlyForDeploymentPostprocessing = 0;
			shellPath = /bin/sh;
			shellScript = "\"${SRCROOT}/Pods/Target Support Files/Pods-MovieRecommendation/Pods-MovieRecommendation-frameworks.sh\"\n";
			showEnvVarsInLog = 0;
		};
		D9844000AD8E7855A2027487 /* [CP] Check Pods Manifest.lock */ = {
			isa = PBXShellScriptBuildPhase;
			buildActionMask = 2147483647;
			files = (
			);
			inputFileListPaths = (
			);
			inputPaths = (
				"${PODS_PODFILE_DIR_PATH}/Podfile.lock",
				"${PODS_ROOT}/Manifest.lock",
			);
			name = "[CP] Check Pods Manifest.lock";
			outputFileListPaths = (
			);
			outputPaths = (
				"$(DERIVED_FILE_DIR)/Pods-MovieRecommendation-checkManifestLockResult.txt",
			);
			runOnlyForDeploymentPostprocessing = 0;
			shellPath = /bin/sh;
			shellScript = "diff \"${PODS_PODFILE_DIR_PATH}/Podfile.lock\" \"${PODS_ROOT}/Manifest.lock\" > /dev/null\nif [ $? != 0 ] ; then\n    # print error to STDERR\n    echo \"error: The sandbox is not in sync with the Podfile.lock. Run 'pod install' or update your CocoaPods installation.\" >&2\n    exit 1\nfi\n# This output is used by Xcode 'outputs' to avoid re-running this script phase.\necho \"SUCCESS\" > \"${SCRIPT_OUTPUT_FILE_0}\"\n";
			showEnvVarsInLog = 0;
		};
/* End PBXShellScriptBuildPhase section */

/* Begin PBXSourcesBuildPhase section */
		ACF36C0920FEB77C0088BFE8 /* Sources */ = {
			isa = PBXSourcesBuildPhase;
			buildActionMask = 2147483647;
			files = (
				AC9764D221E8077700FEF318 /* ImportController.swift in Sources */,
				AC72FBDB21CA0AB900DCF44E /* TitleCell.swift in Sources */,
				AC67529F22F8B2B400703F57 /* Expansion.swift in Sources */,
				AC70EC57227BBF30001992E4 /* AuthenticationViewController.swift in Sources */,
				AC8CC20B2218A786005A2572 /* Content.swift in Sources */,
				AC8A303321D58C0400CDE43F /* CategoriesTableView.swift in Sources */,
				AC88CFC22268BA5A00F2118A /* Media.swift in Sources */,
				ACCB9676227E89EA0027E834 /* LogoutViewController.swift in Sources */,
				AC01F407228267060080B849 /* RightTVCategoryCell.swift in Sources */,
				AC970D5722CAE29200256FD8 /* UserController.swift in Sources */,
				AC7B4904226BD97200F7B5C9 /* AddRatingModal.swift in Sources */,
				ACF36C1320FEB77C0088BFE8 /* ViewController.swift in Sources */,
				AC30A13922445F6000AB2FB0 /* Book.swift in Sources */,
				AC8A303521D58DFE00CDE43F /* CategoryCell.swift in Sources */,
				AC7B4906226BF08500F7B5C9 /* AddRatingTVCell.swift in Sources */,
				AC47CCA521AE4093003572E3 /* RightTableView.swift in Sources */,
				ACF36C4420FEB7B80088BFE8 /* User.swift in Sources */,
				ACCB9674227D58FB0027E834 /* LeftTVMediaCell.swift in Sources */,
				AC5F6B5E21C8D58700DC268A /* RightTVMediaCell.swift in Sources */,
				AC72FBDE21CA1AF800DCF44E /* LeftTableView.swift in Sources */,
				ACCB9679227E9D1E0027E834 /* MediaDetailPopover.swift in Sources */,
				ACD511A6226BB1B8006D9FFA /* ObjectController.swift in Sources */,
				ACF36C4220FEB7B80088BFE8 /* Movie.swift in Sources */,
				ACF36C1120FEB77C0088BFE8 /* AppDelegate.swift in Sources */,
				ACC0A57022CAE449000410A4 /* Constants.swift in Sources */,
			);
			runOnlyForDeploymentPostprocessing = 0;
		};
		ACF36C1B20FEB77D0088BFE8 /* Sources */ = {
			isa = PBXSourcesBuildPhase;
			buildActionMask = 2147483647;
			files = (
				ACF36C2420FEB77D0088BFE8 /* MovieRecommendationTests.swift in Sources */,
			);
			runOnlyForDeploymentPostprocessing = 0;
		};
		ACF36C2620FEB77D0088BFE8 /* Sources */ = {
			isa = PBXSourcesBuildPhase;
			buildActionMask = 2147483647;
			files = (
				ACF36C2F20FEB77D0088BFE8 /* MovieRecommendationUITests.swift in Sources */,
			);
			runOnlyForDeploymentPostprocessing = 0;
		};
/* End PBXSourcesBuildPhase section */

/* Begin PBXTargetDependency section */
		ACF36C2120FEB77D0088BFE8 /* PBXTargetDependency */ = {
			isa = PBXTargetDependency;
			target = ACF36C0C20FEB77C0088BFE8 /* MovieRecommendation */;
			targetProxy = ACF36C2020FEB77D0088BFE8 /* PBXContainerItemProxy */;
		};
		ACF36C2C20FEB77D0088BFE8 /* PBXTargetDependency */ = {
			isa = PBXTargetDependency;
			target = ACF36C0C20FEB77C0088BFE8 /* MovieRecommendation */;
			targetProxy = ACF36C2B20FEB77D0088BFE8 /* PBXContainerItemProxy */;
		};
/* End PBXTargetDependency section */

/* Begin PBXVariantGroup section */
		ACF36C1620FEB77D0088BFE8 /* Main.storyboard */ = {
			isa = PBXVariantGroup;
			children = (
				ACF36C1720FEB77D0088BFE8 /* Base */,
			);
			name = Main.storyboard;
			sourceTree = "<group>";
		};
/* End PBXVariantGroup section */

/* Begin XCBuildConfiguration section */
		ACF36C3120FEB77D0088BFE8 /* Debug */ = {
			isa = XCBuildConfiguration;
			buildSettings = {
				ALWAYS_SEARCH_USER_PATHS = NO;
				CLANG_ANALYZER_NONNULL = YES;
				CLANG_ANALYZER_NUMBER_OBJECT_CONVERSION = YES_AGGRESSIVE;
				CLANG_CXX_LANGUAGE_STANDARD = "gnu++14";
				CLANG_CXX_LIBRARY = "libc++";
				CLANG_ENABLE_MODULES = YES;
				CLANG_ENABLE_OBJC_ARC = YES;
				CLANG_ENABLE_OBJC_WEAK = YES;
				CLANG_WARN_BLOCK_CAPTURE_AUTORELEASING = YES;
				CLANG_WARN_BOOL_CONVERSION = YES;
				CLANG_WARN_COMMA = YES;
				CLANG_WARN_CONSTANT_CONVERSION = YES;
				CLANG_WARN_DEPRECATED_OBJC_IMPLEMENTATIONS = YES;
				CLANG_WARN_DIRECT_OBJC_ISA_USAGE = YES_ERROR;
				CLANG_WARN_DOCUMENTATION_COMMENTS = YES;
				CLANG_WARN_EMPTY_BODY = YES;
				CLANG_WARN_ENUM_CONVERSION = YES;
				CLANG_WARN_INFINITE_RECURSION = YES;
				CLANG_WARN_INT_CONVERSION = YES;
				CLANG_WARN_NON_LITERAL_NULL_CONVERSION = YES;
				CLANG_WARN_OBJC_IMPLICIT_RETAIN_SELF = YES;
				CLANG_WARN_OBJC_LITERAL_CONVERSION = YES;
				CLANG_WARN_OBJC_ROOT_CLASS = YES_ERROR;
				CLANG_WARN_RANGE_LOOP_ANALYSIS = YES;
				CLANG_WARN_STRICT_PROTOTYPES = YES;
				CLANG_WARN_SUSPICIOUS_MOVE = YES;
				CLANG_WARN_UNGUARDED_AVAILABILITY = YES_AGGRESSIVE;
				CLANG_WARN_UNREACHABLE_CODE = YES;
				CLANG_WARN__DUPLICATE_METHOD_MATCH = YES;
				CODE_SIGN_IDENTITY = "Mac Developer";
				COPY_PHASE_STRIP = NO;
				DEBUG_INFORMATION_FORMAT = dwarf;
				ENABLE_STRICT_OBJC_MSGSEND = YES;
				ENABLE_TESTABILITY = YES;
				GCC_C_LANGUAGE_STANDARD = gnu11;
				GCC_DYNAMIC_NO_PIC = NO;
				GCC_NO_COMMON_BLOCKS = YES;
				GCC_OPTIMIZATION_LEVEL = 0;
				GCC_PREPROCESSOR_DEFINITIONS = (
					"DEBUG=1",
					"$(inherited)",
				);
				GCC_WARN_64_TO_32_BIT_CONVERSION = YES;
				GCC_WARN_ABOUT_RETURN_TYPE = YES_ERROR;
				GCC_WARN_UNDECLARED_SELECTOR = YES;
				GCC_WARN_UNINITIALIZED_AUTOS = YES_AGGRESSIVE;
				GCC_WARN_UNUSED_FUNCTION = YES;
				GCC_WARN_UNUSED_VARIABLE = YES;
				MACOSX_DEPLOYMENT_TARGET = 10.14;
				MTL_ENABLE_DEBUG_INFO = INCLUDE_SOURCE;
				MTL_FAST_MATH = YES;
				ONLY_ACTIVE_ARCH = YES;
				SDKROOT = macosx;
				SWIFT_ACTIVE_COMPILATION_CONDITIONS = DEBUG;
				SWIFT_OBJC_BRIDGING_HEADER = "swix/objc/swix-Bridging-Header.h";
				SWIFT_OPTIMIZATION_LEVEL = "-Onone";
			};
			name = Debug;
		};
		ACF36C3220FEB77D0088BFE8 /* Release */ = {
			isa = XCBuildConfiguration;
			buildSettings = {
				ALWAYS_SEARCH_USER_PATHS = NO;
				CLANG_ANALYZER_NONNULL = YES;
				CLANG_ANALYZER_NUMBER_OBJECT_CONVERSION = YES_AGGRESSIVE;
				CLANG_CXX_LANGUAGE_STANDARD = "gnu++14";
				CLANG_CXX_LIBRARY = "libc++";
				CLANG_ENABLE_MODULES = YES;
				CLANG_ENABLE_OBJC_ARC = YES;
				CLANG_ENABLE_OBJC_WEAK = YES;
				CLANG_WARN_BLOCK_CAPTURE_AUTORELEASING = YES;
				CLANG_WARN_BOOL_CONVERSION = YES;
				CLANG_WARN_COMMA = YES;
				CLANG_WARN_CONSTANT_CONVERSION = YES;
				CLANG_WARN_DEPRECATED_OBJC_IMPLEMENTATIONS = YES;
				CLANG_WARN_DIRECT_OBJC_ISA_USAGE = YES_ERROR;
				CLANG_WARN_DOCUMENTATION_COMMENTS = YES;
				CLANG_WARN_EMPTY_BODY = YES;
				CLANG_WARN_ENUM_CONVERSION = YES;
				CLANG_WARN_INFINITE_RECURSION = YES;
				CLANG_WARN_INT_CONVERSION = YES;
				CLANG_WARN_NON_LITERAL_NULL_CONVERSION = YES;
				CLANG_WARN_OBJC_IMPLICIT_RETAIN_SELF = YES;
				CLANG_WARN_OBJC_LITERAL_CONVERSION = YES;
				CLANG_WARN_OBJC_ROOT_CLASS = YES_ERROR;
				CLANG_WARN_RANGE_LOOP_ANALYSIS = YES;
				CLANG_WARN_STRICT_PROTOTYPES = YES;
				CLANG_WARN_SUSPICIOUS_MOVE = YES;
				CLANG_WARN_UNGUARDED_AVAILABILITY = YES_AGGRESSIVE;
				CLANG_WARN_UNREACHABLE_CODE = YES;
				CLANG_WARN__DUPLICATE_METHOD_MATCH = YES;
				CODE_SIGN_IDENTITY = "Mac Developer";
				COPY_PHASE_STRIP = NO;
				DEBUG_INFORMATION_FORMAT = "dwarf-with-dsym";
				ENABLE_NS_ASSERTIONS = NO;
				ENABLE_STRICT_OBJC_MSGSEND = YES;
				GCC_C_LANGUAGE_STANDARD = gnu11;
				GCC_NO_COMMON_BLOCKS = YES;
				GCC_WARN_64_TO_32_BIT_CONVERSION = YES;
				GCC_WARN_ABOUT_RETURN_TYPE = YES_ERROR;
				GCC_WARN_UNDECLARED_SELECTOR = YES;
				GCC_WARN_UNINITIALIZED_AUTOS = YES_AGGRESSIVE;
				GCC_WARN_UNUSED_FUNCTION = YES;
				GCC_WARN_UNUSED_VARIABLE = YES;
				MACOSX_DEPLOYMENT_TARGET = 10.14;
				MTL_ENABLE_DEBUG_INFO = NO;
				MTL_FAST_MATH = YES;
				SDKROOT = macosx;
				SWIFT_COMPILATION_MODE = wholemodule;
				SWIFT_OBJC_BRIDGING_HEADER = "swix/objc/swix-Bridging-Header.h";
				SWIFT_OPTIMIZATION_LEVEL = "-O";
			};
			name = Release;
		};
		ACF36C3420FEB77D0088BFE8 /* Debug */ = {
			isa = XCBuildConfiguration;
			baseConfigurationReference = F61ED24FA8862D550F83CDDE /* Pods-MovieRecommendation.debug.xcconfig */;
			buildSettings = {
				ASSETCATALOG_COMPILER_APPICON_NAME = AppIcon;
				CODE_SIGN_ENTITLEMENTS = MovieRecommendation/MovieRecommendation.entitlements;
				CODE_SIGN_IDENTITY = "Mac Developer";
				CODE_SIGN_STYLE = Automatic;
				COMBINE_HIDPI_IMAGES = YES;
				DEVELOPMENT_TEAM = 84KNPHRLXA;
				FRAMEWORK_SEARCH_PATHS = (
					"$(inherited)",
					"$(PROJECT_DIR)/swix/objc",
				);
				INFOPLIST_FILE = MovieRecommendation/Info.plist;
				LD_RUNPATH_SEARCH_PATHS = (
					"$(inherited)",
					"@executable_path/../Frameworks",
				);
				PRODUCT_BUNDLE_IDENTIFIER = com.sorennapps.MediaRecommendation;
				PRODUCT_NAME = "$(TARGET_NAME)";
				PROVISIONING_PROFILE_SPECIFIER = "";
				SWIFT_OBJC_BRIDGING_HEADER = "";
				SWIFT_PRECOMPILE_BRIDGING_HEADER = YES;
				SWIFT_VERSION = 4.2;
			};
			name = Debug;
		};
		ACF36C3520FEB77D0088BFE8 /* Release */ = {
			isa = XCBuildConfiguration;
			baseConfigurationReference = 6CA7C1B92FD6AB01A8F17DFB /* Pods-MovieRecommendation.release.xcconfig */;
			buildSettings = {
				ASSETCATALOG_COMPILER_APPICON_NAME = AppIcon;
				CODE_SIGN_ENTITLEMENTS = MovieRecommendation/MovieRecommendation.entitlements;
				CODE_SIGN_IDENTITY = "Mac Developer";
				CODE_SIGN_STYLE = Automatic;
				COMBINE_HIDPI_IMAGES = YES;
				DEVELOPMENT_TEAM = 84KNPHRLXA;
				FRAMEWORK_SEARCH_PATHS = (
					"$(inherited)",
					"$(PROJECT_DIR)/swix/objc",
				);
				INFOPLIST_FILE = MovieRecommendation/Info.plist;
				LD_RUNPATH_SEARCH_PATHS = (
					"$(inherited)",
					"@executable_path/../Frameworks",
				);
				PRODUCT_BUNDLE_IDENTIFIER = com.sorennapps.MediaRecommendation;
				PRODUCT_NAME = "$(TARGET_NAME)";
				PROVISIONING_PROFILE_SPECIFIER = "";
				SWIFT_OBJC_BRIDGING_HEADER = "";
				SWIFT_PRECOMPILE_BRIDGING_HEADER = YES;
				SWIFT_VERSION = 4.2;
			};
			name = Release;
		};
		ACF36C3720FEB77D0088BFE8 /* Debug */ = {
			isa = XCBuildConfiguration;
			buildSettings = {
				ALWAYS_EMBED_SWIFT_STANDARD_LIBRARIES = YES;
				BUNDLE_LOADER = "$(TEST_HOST)";
				CODE_SIGN_STYLE = Automatic;
				COMBINE_HIDPI_IMAGES = YES;
				DEVELOPMENT_TEAM = 84KNPHRLXA;
				FRAMEWORK_SEARCH_PATHS = (
					"$(inherited)",
					"$(PROJECT_DIR)/swix/objc",
				);
				INFOPLIST_FILE = MovieRecommendationTests/Info.plist;
				LD_RUNPATH_SEARCH_PATHS = (
					"$(inherited)",
					"@executable_path/../Frameworks",
					"@loader_path/../Frameworks",
				);
				PRODUCT_BUNDLE_IDENTIFIER = com.bignerdranch.MovieRecommendationTests;
				PRODUCT_NAME = "$(TARGET_NAME)";
				SWIFT_VERSION = 4.2;
				TEST_HOST = "$(BUILT_PRODUCTS_DIR)/MovieRecommendation.app/Contents/MacOS/MovieRecommendation";
			};
			name = Debug;
		};
		ACF36C3820FEB77D0088BFE8 /* Release */ = {
			isa = XCBuildConfiguration;
			buildSettings = {
				ALWAYS_EMBED_SWIFT_STANDARD_LIBRARIES = YES;
				BUNDLE_LOADER = "$(TEST_HOST)";
				CODE_SIGN_STYLE = Automatic;
				COMBINE_HIDPI_IMAGES = YES;
				DEVELOPMENT_TEAM = 84KNPHRLXA;
				FRAMEWORK_SEARCH_PATHS = (
					"$(inherited)",
					"$(PROJECT_DIR)/swix/objc",
				);
				INFOPLIST_FILE = MovieRecommendationTests/Info.plist;
				LD_RUNPATH_SEARCH_PATHS = (
					"$(inherited)",
					"@executable_path/../Frameworks",
					"@loader_path/../Frameworks",
				);
				PRODUCT_BUNDLE_IDENTIFIER = com.bignerdranch.MovieRecommendationTests;
				PRODUCT_NAME = "$(TARGET_NAME)";
				SWIFT_VERSION = 4.2;
				TEST_HOST = "$(BUILT_PRODUCTS_DIR)/MovieRecommendation.app/Contents/MacOS/MovieRecommendation";
			};
			name = Release;
		};
		ACF36C3A20FEB77D0088BFE8 /* Debug */ = {
			isa = XCBuildConfiguration;
			buildSettings = {
				ALWAYS_EMBED_SWIFT_STANDARD_LIBRARIES = YES;
				CODE_SIGN_STYLE = Automatic;
				COMBINE_HIDPI_IMAGES = YES;
				DEVELOPMENT_TEAM = 84KNPHRLXA;
				INFOPLIST_FILE = MovieRecommendationUITests/Info.plist;
				LD_RUNPATH_SEARCH_PATHS = (
					"$(inherited)",
					"@executable_path/../Frameworks",
					"@loader_path/../Frameworks",
				);
				PRODUCT_BUNDLE_IDENTIFIER = com.bignerdranch.MovieRecommendationUITests;
				PRODUCT_NAME = "$(TARGET_NAME)";
				SWIFT_VERSION = 4.2;
				TEST_TARGET_NAME = MovieRecommendation;
			};
			name = Debug;
		};
		ACF36C3B20FEB77D0088BFE8 /* Release */ = {
			isa = XCBuildConfiguration;
			buildSettings = {
				ALWAYS_EMBED_SWIFT_STANDARD_LIBRARIES = YES;
				CODE_SIGN_STYLE = Automatic;
				COMBINE_HIDPI_IMAGES = YES;
				DEVELOPMENT_TEAM = 84KNPHRLXA;
				INFOPLIST_FILE = MovieRecommendationUITests/Info.plist;
				LD_RUNPATH_SEARCH_PATHS = (
					"$(inherited)",
					"@executable_path/../Frameworks",
					"@loader_path/../Frameworks",
				);
				PRODUCT_BUNDLE_IDENTIFIER = com.bignerdranch.MovieRecommendationUITests;
				PRODUCT_NAME = "$(TARGET_NAME)";
				SWIFT_VERSION = 4.2;
				TEST_TARGET_NAME = MovieRecommendation;
			};
			name = Release;
		};
/* End XCBuildConfiguration section */

/* Begin XCConfigurationList section */
		ACF36C0820FEB77C0088BFE8 /* Build configuration list for PBXProject "MovieRecommendation" */ = {
			isa = XCConfigurationList;
			buildConfigurations = (
				ACF36C3120FEB77D0088BFE8 /* Debug */,
				ACF36C3220FEB77D0088BFE8 /* Release */,
			);
			defaultConfigurationIsVisible = 0;
			defaultConfigurationName = Release;
		};
		ACF36C3320FEB77D0088BFE8 /* Build configuration list for PBXNativeTarget "MovieRecommendation" */ = {
			isa = XCConfigurationList;
			buildConfigurations = (
				ACF36C3420FEB77D0088BFE8 /* Debug */,
				ACF36C3520FEB77D0088BFE8 /* Release */,
			);
			defaultConfigurationIsVisible = 0;
			defaultConfigurationName = Release;
		};
		ACF36C3620FEB77D0088BFE8 /* Build configuration list for PBXNativeTarget "MovieRecommendationTests" */ = {
			isa = XCConfigurationList;
			buildConfigurations = (
				ACF36C3720FEB77D0088BFE8 /* Debug */,
				ACF36C3820FEB77D0088BFE8 /* Release */,
			);
			defaultConfigurationIsVisible = 0;
			defaultConfigurationName = Release;
		};
		ACF36C3920FEB77D0088BFE8 /* Build configuration list for PBXNativeTarget "MovieRecommendationUITests" */ = {
			isa = XCConfigurationList;
			buildConfigurations = (
				ACF36C3A20FEB77D0088BFE8 /* Debug */,
				ACF36C3B20FEB77D0088BFE8 /* Release */,
			);
			defaultConfigurationIsVisible = 0;
			defaultConfigurationName = Release;
		};
/* End XCConfigurationList section */
	};
	rootObject = ACF36C0520FEB77C0088BFE8 /* Project object */;
}
